
Microsoft Visual Studio Solution File, Format Version 12.00
# Visual Studio Version 17
VisualStudioVersion = 17.4.33213.308
MinimumVisualStudioVersion = 10.0.40219.1
Project("{FAE04EC0-301F-11D3-BF4B-00C04F79EFBC}") = "Entities", "Entities\Entities.csproj", "{1E434A9A-8AA5-4083-8469-13FFC20BF4FA}"
EndProject
Project("{FAE04EC0-301F-11D3-BF4B-00C04F79EFBC}") = "DataAccess", "DataAccess\DataAccess.csproj", "{8DB1BF66-8EE4-437B-8E77-729166F17544}"
EndProject
Project("{FAE04EC0-301F-11D3-BF4B-00C04F79EFBC}") = "Business", "Business\Business.csproj", "{3CE7135A-4981-47F0-B186-33D37B868164}"
EndProject
Project("{FAE04EC0-301F-11D3-BF4B-00C04F79EFBC}") = "ConsoleApp", "ConsoleApp\ConsoleApp.csproj", "{FCF06659-1AC7-4F0A-A52C-913E0FE089F3}"
EndProject
Global
	GlobalSection(SolutionConfigurationPlatforms) = preSolution
		Debug|Any CPU = Debug|Any CPU
		Release|Any CPU = Release|Any CPU
	EndGlobalSection
	GlobalSection(ProjectConfigurationPlatforms) = postSolution
		{1E434A9A-8AA5-4083-8469-13FFC20BF4FA}.Debug|Any CPU.ActiveCfg = Debug|Any CPU
		{1E434A9A-8AA5-4083-8469-13FFC20BF4FA}.Debug|Any CPU.Build.0 = Debug|Any CPU
		{1E434A9A-8AA5-4083-8469-13FFC20BF4FA}.Release|Any CPU.ActiveCfg = Release|Any CPU
		{1E434A9A-8AA5-4083-8469-13FFC20BF4FA}.Release|Any CPU.Build.0 = Release|Any CPU
		{8DB1BF66-8EE4-437B-8E77-729166F17544}.Debug|Any CPU.ActiveCfg = Debug|Any CPU
		{8DB1BF66-8EE4-437B-8E77-729166F17544}.Debug|Any CPU.Build.0 = Debug|Any CPU
		{8DB1BF66-8EE4-437B-8E77-729166F17544}.Release|Any CPU.ActiveCfg = Release|Any CPU
		{8DB1BF66-8EE4-437B-8E77-729166F17544}.Release|Any CPU.Build.0 = Release|Any CPU
		{3CE7135A-4981-47F0-B186-33D37B868164}.Debug|Any CPU.ActiveCfg = Debug|Any CPU
		{3CE7135A-4981-47F0-B186-33D37B868164}.Debug|Any CPU.Build.0 = Debug|Any CPU
		{3CE7135A-4981-47F0-B186-33D37B868164}.Release|Any CPU.ActiveCfg = Release|Any CPU
		{3CE7135A-4981-47F0-B186-33D37B868164}.Release|Any CPU.Build.0 = Release|Any CPU
		{FCF06659-1AC7-4F0A-A52C-913E0FE089F3}.Debug|Any CPU.ActiveCfg = Debug|Any CPU
		{FCF06659-1AC7-4F0A-A52C-913E0FE089F3}.Debug|Any CPU.Build.0 = Debug|Any CPU
		{FCF06659-1AC7-4F0A-A52C-913E0FE089F3}.Release|Any CPU.ActiveCfg = Release|Any CPU
		{FCF06659-1AC7-4F0A-A52C-913E0FE089F3}.Release|Any CPU.Build.0 = Release|Any CPU
	EndGlobalSection
	GlobalSection(SolutionProperties) = preSolution
		HideSolutionNode = FALSE
	EndGlobalSection
	GlobalSection(ExtensibilityGlobals) = postSolution
		SolutionGuid = {52739B8B-59BD-4016-B8B8-EAE08B90B220}
	EndGlobalSection
EndGlobal
